
Microsoft Visual Studio Solution File, Format Version 12.00
# Visual Studio Version 17
VisualStudioVersion = 17.5.002.0
MinimumVisualStudioVersion = 10.0.40219.1
Project("{2150E333-8FDC-42A3-9474-1A3956D46DE8}") = "csharp-prep", "csharp-prep", "{89F7BE58-6E0C-4B01-8649-68B52831961E}"
EndProject
Project("{9A19103F-16F7-4668-BE54-9A1E7A4F7556}") = "Prep1", "csharp-prep\Prep1\Prep1.csproj", "{E7A12655-3BE7-4175-987A-2E72E5EBB062}"
EndProject
Project("{9A19103F-16F7-4668-BE54-9A1E7A4F7556}") = "Prep2", "csharp-prep\Prep2\Prep2.csproj", "{5547C304-35E5-44D0-8DD9-329D9BBE73A5}"
EndProject
Project("{9A19103F-16F7-4668-BE54-9A1E7A4F7556}") = "Prep3", "csharp-prep\Prep3\Prep3.csproj", "{FA1C80BC-2113-4C5C-9952-75BD08CF0FE6}"
EndProject
Project("{9A19103F-16F7-4668-BE54-9A1E7A4F7556}") = "Prep4", "csharp-prep\Prep4\Prep4.csproj", "{F7CB9112-3D11-48BE-8E3E-5687243295D0}"
EndProject
Project("{9A19103F-16F7-4668-BE54-9A1E7A4F7556}") = "Prep5", "csharp-prep\Prep5\Prep5.csproj", "{139A9D15-FCBB-40E7-B845-A168121C7970}"
EndProject
Project("{2150E333-8FDC-42A3-9474-1A3956D46DE8}") = "final", "final", "{25A03E6F-D10A-4319-9289-E57D2348784D}"
EndProject
Project("{9A19103F-16F7-4668-BE54-9A1E7A4F7556}") = "FinalProject", "final\FinalProject\FinalProject.csproj", "{AC794B9D-2763-4684-ADA6-8CEF7FD854C3}"
EndProject
Project("{9A19103F-16F7-4668-BE54-9A1E7A4F7556}") = "Foundation1", "final\Foundation1\Foundation1.csproj", "{744259EA-8B55-444A-97F5-39AFC7FFA69B}"
EndProject
Project("{9A19103F-16F7-4668-BE54-9A1E7A4F7556}") = "Foundation2", "final\Foundation2\Foundation2.csproj", "{F87FAFD4-2CF3-4533-BF10-203A961C2CC4}"
EndProject
Project("{9A19103F-16F7-4668-BE54-9A1E7A4F7556}") = "Foundation3", "final\Foundation3\Foundation3.csproj", "{12FEBC9F-1142-4A7B-91C4-FA3AF1177FBD}"
EndProject
Project("{9A19103F-16F7-4668-BE54-9A1E7A4F7556}") = "Foundation4", "final\Foundation4\Foundation4.csproj", "{BEBCA206-B590-4DE3-82F5-663A72555C21}"
EndProject
Project("{2150E333-8FDC-42A3-9474-1A3956D46DE8}") = "prepare", "prepare", "{AA073621-0CB8-4395-A23C-355CF1C50EBE}"
EndProject
Project("{9A19103F-16F7-4668-BE54-9A1E7A4F7556}") = "Learning02", "prepare\Learning02\Learning02.csproj", "{4006158E-023C-4F58-A7D7-5A1B586165B7}"
EndProject
Project("{9A19103F-16F7-4668-BE54-9A1E7A4F7556}") = "Learning03", "prepare\Learning03\Learning03.csproj", "{59022B35-5E28-4390-9817-B5B4FA6289F9}"
EndProject
Project("{9A19103F-16F7-4668-BE54-9A1E7A4F7556}") = "Learning04", "prepare\Learning04\Learning04.csproj", "{34D9D27E-4719-4EBA-AE6F-D89BD939B146}"
EndProject
Project("{9A19103F-16F7-4668-BE54-9A1E7A4F7556}") = "Learning05", "prepare\Learning05\Learning05.csproj", "{22991A6A-D23E-43EA-AFEB-F8247FA211C8}"
EndProject
Project("{2150E333-8FDC-42A3-9474-1A3956D46DE8}") = "prove", "prove", "{E40AA055-1EA7-48AC-8187-CEF22DB08BB1}"
EndProject
Project("{9A19103F-16F7-4668-BE54-9A1E7A4F7556}") = "Develop02", "prove\Develop02\Develop02.csproj", "{3F191157-47DE-48C5-8CAC-3BE008FB64DE}"
EndProject
Project("{9A19103F-16F7-4668-BE54-9A1E7A4F7556}") = "Develop03", "prove\Develop03\Develop03.csproj", "{55BF6FCF-18FA-4FA9-95F6-4D17D4B53534}"
EndProject
Project("{9A19103F-16F7-4668-BE54-9A1E7A4F7556}") = "Develop04", "prove\Develop04\Develop04.csproj", "{524A722B-0FD8-4ABF-AB3D-45FF2E7CB9CC}"
EndProject
Project("{9A19103F-16F7-4668-BE54-9A1E7A4F7556}") = "Develop05", "prove\Develop05\Develop05.csproj", "{E508D2D8-7218-4FE4-B93B-61B0D0837D0D}"
EndProject
Project("{2150E333-8FDC-42A3-9474-1A3956D46DE8}") = "sandbox", "sandbox", "{069C01A8-78E8-404F-9EFB-794A2848E1F2}"
EndProject
Project("{9A19103F-16F7-4668-BE54-9A1E7A4F7556}") = "Sandbox", "sandbox\Sandbox\Sandbox.csproj", "{9DDDF135-5A94-4D2A-8087-E304FD7EE39B}"
EndProject
Global
	GlobalSection(SolutionConfigurationPlatforms) = preSolution
		Debug|Any CPU = Debug|Any CPU
		Release|Any CPU = Release|Any CPU
	EndGlobalSection
	GlobalSection(ProjectConfigurationPlatforms) = postSolution
		{E7A12655-3BE7-4175-987A-2E72E5EBB062}.Debug|Any CPU.ActiveCfg = Debug|Any CPU
		{E7A12655-3BE7-4175-987A-2E72E5EBB062}.Debug|Any CPU.Build.0 = Debug|Any CPU
		{E7A12655-3BE7-4175-987A-2E72E5EBB062}.Release|Any CPU.ActiveCfg = Release|Any CPU
		{E7A12655-3BE7-4175-987A-2E72E5EBB062}.Release|Any CPU.Build.0 = Release|Any CPU
		{5547C304-35E5-44D0-8DD9-329D9BBE73A5}.Debug|Any CPU.ActiveCfg = Debug|Any CPU
		{5547C304-35E5-44D0-8DD9-329D9BBE73A5}.Debug|Any CPU.Build.0 = Debug|Any CPU
		{5547C304-35E5-44D0-8DD9-329D9BBE73A5}.Release|Any CPU.ActiveCfg = Release|Any CPU
		{5547C304-35E5-44D0-8DD9-329D9BBE73A5}.Release|Any CPU.Build.0 = Release|Any CPU
		{FA1C80BC-2113-4C5C-9952-75BD08CF0FE6}.Debug|Any CPU.ActiveCfg = Debug|Any CPU
		{FA1C80BC-2113-4C5C-9952-75BD08CF0FE6}.Debug|Any CPU.Build.0 = Debug|Any CPU
		{FA1C80BC-2113-4C5C-9952-75BD08CF0FE6}.Release|Any CPU.ActiveCfg = Release|Any CPU
		{FA1C80BC-2113-4C5C-9952-75BD08CF0FE6}.Release|Any CPU.Build.0 = Release|Any CPU
		{F7CB9112-3D11-48BE-8E3E-5687243295D0}.Debug|Any CPU.ActiveCfg = Debug|Any CPU
		{F7CB9112-3D11-48BE-8E3E-5687243295D0}.Debug|Any CPU.Build.0 = Debug|Any CPU
		{F7CB9112-3D11-48BE-8E3E-5687243295D0}.Release|Any CPU.ActiveCfg = Release|Any CPU
		{F7CB9112-3D11-48BE-8E3E-5687243295D0}.Release|Any CPU.Build.0 = Release|Any CPU
		{139A9D15-FCBB-40E7-B845-A168121C7970}.Debug|Any CPU.ActiveCfg = Debug|Any CPU
		{139A9D15-FCBB-40E7-B845-A168121C7970}.Debug|Any CPU.Build.0 = Debug|Any CPU
		{139A9D15-FCBB-40E7-B845-A168121C7970}.Release|Any CPU.ActiveCfg = Release|Any CPU
		{139A9D15-FCBB-40E7-B845-A168121C7970}.Release|Any CPU.Build.0 = Release|Any CPU
		{AC794B9D-2763-4684-ADA6-8CEF7FD854C3}.Debug|Any CPU.ActiveCfg = Debug|Any CPU
		{AC794B9D-2763-4684-ADA6-8CEF7FD854C3}.Debug|Any CPU.Build.0 = Debug|Any CPU
		{AC794B9D-2763-4684-ADA6-8CEF7FD854C3}.Release|Any CPU.ActiveCfg = Release|Any CPU
		{AC794B9D-2763-4684-ADA6-8CEF7FD854C3}.Release|Any CPU.Build.0 = Release|Any CPU
		{744259EA-8B55-444A-97F5-39AFC7FFA69B}.Debug|Any CPU.ActiveCfg = Debug|Any CPU
		{744259EA-8B55-444A-97F5-39AFC7FFA69B}.Debug|Any CPU.Build.0 = Debug|Any CPU
		{744259EA-8B55-444A-97F5-39AFC7FFA69B}.Release|Any CPU.ActiveCfg = Release|Any CPU
		{744259EA-8B55-444A-97F5-39AFC7FFA69B}.Release|Any CPU.Build.0 = Release|Any CPU
		{F87FAFD4-2CF3-4533-BF10-203A961C2CC4}.Debug|Any CPU.ActiveCfg = Debug|Any CPU
		{F87FAFD4-2CF3-4533-BF10-203A961C2CC4}.Debug|Any CPU.Build.0 = Debug|Any CPU
		{F87FAFD4-2CF3-4533-BF10-203A961C2CC4}.Release|Any CPU.ActiveCfg = Release|Any CPU
		{F87FAFD4-2CF3-4533-BF10-203A961C2CC4}.Release|Any CPU.Build.0 = Release|Any CPU
		{12FEBC9F-1142-4A7B-91C4-FA3AF1177FBD}.Debug|Any CPU.ActiveCfg = Debug|Any CPU
		{12FEBC9F-1142-4A7B-91C4-FA3AF1177FBD}.Debug|Any CPU.Build.0 = Debug|Any CPU
		{12FEBC9F-1142-4A7B-91C4-FA3AF1177FBD}.Release|Any CPU.ActiveCfg = Release|Any CPU
		{12FEBC9F-1142-4A7B-91C4-FA3AF1177FBD}.Release|Any CPU.Build.0 = Release|Any CPU
		{BEBCA206-B590-4DE3-82F5-663A72555C21}.Debug|Any CPU.ActiveCfg = Debug|Any CPU
		{BEBCA206-B590-4DE3-82F5-663A72555C21}.Debug|Any CPU.Build.0 = Debug|Any CPU
		{BEBCA206-B590-4DE3-82F5-663A72555C21}.Release|Any CPU.ActiveCfg = Release|Any CPU
		{BEBCA206-B590-4DE3-82F5-663A72555C21}.Release|Any CPU.Build.0 = Release|Any CPU
		{4006158E-023C-4F58-A7D7-5A1B586165B7}.Debug|Any CPU.ActiveCfg = Debug|Any CPU
		{4006158E-023C-4F58-A7D7-5A1B586165B7}.Debug|Any CPU.Build.0 = Debug|Any CPU
		{4006158E-023C-4F58-A7D7-5A1B586165B7}.Release|Any CPU.ActiveCfg = Release|Any CPU
		{4006158E-023C-4F58-A7D7-5A1B586165B7}.Release|Any CPU.Build.0 = Release|Any CPU
		{59022B35-5E28-4390-9817-B5B4FA6289F9}.Debug|Any CPU.ActiveCfg = Debug|Any CPU
		{59022B35-5E28-4390-9817-B5B4FA6289F9}.Debug|Any CPU.Build.0 = Debug|Any CPU
		{59022B35-5E28-4390-9817-B5B4FA6289F9}.Release|Any CPU.ActiveCfg = Release|Any CPU
		{59022B35-5E28-4390-9817-B5B4FA6289F9}.Release|Any CPU.Build.0 = Release|Any CPU
		{34D9D27E-4719-4EBA-AE6F-D89BD939B146}.Debug|Any CPU.ActiveCfg = Debug|Any CPU
		{34D9D27E-4719-4EBA-AE6F-D89BD939B146}.Debug|Any CPU.Build.0 = Debug|Any CPU
		{34D9D27E-4719-4EBA-AE6F-D89BD939B146}.Release|Any CPU.ActiveCfg = Release|Any CPU
		{34D9D27E-4719-4EBA-AE6F-D89BD939B146}.Release|Any CPU.Build.0 = Release|Any CPU
		{22991A6A-D23E-43EA-AFEB-F8247FA211C8}.Debug|Any CPU.ActiveCfg = Debug|Any CPU
		{22991A6A-D23E-43EA-AFEB-F8247FA211C8}.Debug|Any CPU.Build.0 = Debug|Any CPU
		{22991A6A-D23E-43EA-AFEB-F8247FA211C8}.Release|Any CPU.ActiveCfg = Release|Any CPU
		{22991A6A-D23E-43EA-AFEB-F8247FA211C8}.Release|Any CPU.Build.0 = Release|Any CPU
		{3F191157-47DE-48C5-8CAC-3BE008FB64DE}.Debug|Any CPU.ActiveCfg = Debug|Any CPU
		{3F191157-47DE-48C5-8CAC-3BE008FB64DE}.Debug|Any CPU.Build.0 = Debug|Any CPU
		{3F191157-47DE-48C5-8CAC-3BE008FB64DE}.Release|Any CPU.ActiveCfg = Release|Any CPU
		{3F191157-47DE-48C5-8CAC-3BE008FB64DE}.Release|Any CPU.Build.0 = Release|Any CPU
		{55BF6FCF-18FA-4FA9-95F6-4D17D4B53534}.Debug|Any CPU.ActiveCfg = Debug|Any CPU
		{55BF6FCF-18FA-4FA9-95F6-4D17D4B53534}.Debug|Any CPU.Build.0 = Debug|Any CPU
		{55BF6FCF-18FA-4FA9-95F6-4D17D4B53534}.Release|Any CPU.ActiveCfg = Release|Any CPU
		{55BF6FCF-18FA-4FA9-95F6-4D17D4B53534}.Release|Any CPU.Build.0 = Release|Any CPU
		{524A722B-0FD8-4ABF-AB3D-45FF2E7CB9CC}.Debug|Any CPU.ActiveCfg = Debug|Any CPU
		{524A722B-0FD8-4ABF-AB3D-45FF2E7CB9CC}.Debug|Any CPU.Build.0 = Debug|Any CPU
		{524A722B-0FD8-4ABF-AB3D-45FF2E7CB9CC}.Release|Any CPU.ActiveCfg = Release|Any CPU
		{524A722B-0FD8-4ABF-AB3D-45FF2E7CB9CC}.Release|Any CPU.Build.0 = Release|Any CPU
		{E508D2D8-7218-4FE4-B93B-61B0D0837D0D}.Debug|Any CPU.ActiveCfg = Debug|Any CPU
		{E508D2D8-7218-4FE4-B93B-61B0D0837D0D}.Debug|Any CPU.Build.0 = Debug|Any CPU
		{E508D2D8-7218-4FE4-B93B-61B0D0837D0D}.Release|Any CPU.ActiveCfg = Release|Any CPU
		{E508D2D8-7218-4FE4-B93B-61B0D0837D0D}.Release|Any CPU.Build.0 = Release|Any CPU
		{9DDDF135-5A94-4D2A-8087-E304FD7EE39B}.Debug|Any CPU.ActiveCfg = Debug|Any CPU
		{9DDDF135-5A94-4D2A-8087-E304FD7EE39B}.Debug|Any CPU.Build.0 = Debug|Any CPU
		{9DDDF135-5A94-4D2A-8087-E304FD7EE39B}.Release|Any CPU.ActiveCfg = Release|Any CPU
		{9DDDF135-5A94-4D2A-8087-E304FD7EE39B}.Release|Any CPU.Build.0 = Release|Any CPU
	EndGlobalSection
	GlobalSection(SolutionProperties) = preSolution
		HideSolutionNode = FALSE
	EndGlobalSection
	GlobalSection(NestedProjects) = preSolution
		{E7A12655-3BE7-4175-987A-2E72E5EBB062} = {89F7BE58-6E0C-4B01-8649-68B52831961E}
		{5547C304-35E5-44D0-8DD9-329D9BBE73A5} = {89F7BE58-6E0C-4B01-8649-68B52831961E}
		{FA1C80BC-2113-4C5C-9952-75BD08CF0FE6} = {89F7BE58-6E0C-4B01-8649-68B52831961E}
		{F7CB9112-3D11-48BE-8E3E-5687243295D0} = {89F7BE58-6E0C-4B01-8649-68B52831961E}
		{139A9D15-FCBB-40E7-B845-A168121C7970} = {89F7BE58-6E0C-4B01-8649-68B52831961E}
		{AC794B9D-2763-4684-ADA6-8CEF7FD854C3} = {25A03E6F-D10A-4319-9289-E57D2348784D}
		{744259EA-8B55-444A-97F5-39AFC7FFA69B} = {25A03E6F-D10A-4319-9289-E57D2348784D}
		{F87FAFD4-2CF3-4533-BF10-203A961C2CC4} = {25A03E6F-D10A-4319-9289-E57D2348784D}
		{12FEBC9F-1142-4A7B-91C4-FA3AF1177FBD} = {25A03E6F-D10A-4319-9289-E57D2348784D}
		{BEBCA206-B590-4DE3-82F5-663A72555C21} = {25A03E6F-D10A-4319-9289-E57D2348784D}
		{4006158E-023C-4F58-A7D7-5A1B586165B7} = {AA073621-0CB8-4395-A23C-355CF1C50EBE}
		{59022B35-5E28-4390-9817-B5B4FA6289F9} = {AA073621-0CB8-4395-A23C-355CF1C50EBE}
		{34D9D27E-4719-4EBA-AE6F-D89BD939B146} = {AA073621-0CB8-4395-A23C-355CF1C50EBE}
		{22991A6A-D23E-43EA-AFEB-F8247FA211C8} = {AA073621-0CB8-4395-A23C-355CF1C50EBE}
		{3F191157-47DE-48C5-8CAC-3BE008FB64DE} = {E40AA055-1EA7-48AC-8187-CEF22DB08BB1}
		{55BF6FCF-18FA-4FA9-95F6-4D17D4B53534} = {E40AA055-1EA7-48AC-8187-CEF22DB08BB1}
		{524A722B-0FD8-4ABF-AB3D-45FF2E7CB9CC} = {E40AA055-1EA7-48AC-8187-CEF22DB08BB1}
		{E508D2D8-7218-4FE4-B93B-61B0D0837D0D} = {E40AA055-1EA7-48AC-8187-CEF22DB08BB1}
		{9DDDF135-5A94-4D2A-8087-E304FD7EE39B} = {069C01A8-78E8-404F-9EFB-794A2848E1F2}
	EndGlobalSection
	GlobalSection(ExtensibilityGlobals) = postSolution
		SolutionGuid = {7F523D8C-D3F1-4033-9D62-D7ABDA46A514}
	EndGlobalSection
EndGlobal
